
Microsoft Visual Studio Solution File, Format Version 12.00
# Visual Studio Version 16
VisualStudioVersion = 16.0.29006.145
MinimumVisualStudioVersion = 15.0.26124.0
Project("{2150E333-8FDC-42A3-9474-1A3956D46DE8}") = "src", "src", "{8FFDF555-DB50-45F9-9A2D-6410F39151C3}"
	ProjectSection(SolutionItems) = preProject
		src\Directory.Build.props = src\Directory.Build.props
		src\Directory.Build.targets = src\Directory.Build.targets
	EndProjectSection
EndProject
Project("{2150E333-8FDC-42A3-9474-1A3956D46DE8}") = "test", "test", "{DF33E0FB-9790-4654-B60F-8AB22E0CC3D1}"
	ProjectSection(SolutionItems) = preProject
		test\Directory.Build.props = test\Directory.Build.props
		test\Directory.Build.targets = test\Directory.Build.targets
	EndProjectSection
EndProject
Project("{9A19103F-16F7-4668-BE54-9A1E7A4F7556}") = ".build", ".build\.build.csproj", "{55EFAE2F-A7CA-4917-A381-4A6EF5E79610}"
EndProject
Project("{2150E333-8FDC-42A3-9474-1A3956D46DE8}") = ".build", ".build", "{E3DCB78E-EE06-4EA3-88AC-762D8910387C}"
EndProject
Project("{FAE04EC0-301F-11D3-BF4B-00C04F79EFBC}") = "Rocket.Surgery.Extensions.DryIoc.Tests", "test\DryIoc.Tests\Rocket.Surgery.Extensions.DryIoc.Tests.csproj", "{9C1B873C-FE6E-492D-ACFA-AF752B927D2A}"
EndProject
Project("{FAE04EC0-301F-11D3-BF4B-00C04F79EFBC}") = "Rocket.Surgery.Hosting.DryIoc", "src\Hosting.DryIoc\Rocket.Surgery.Hosting.DryIoc.csproj", "{92563742-792D-4E79-B9F2-7F16BEB63989}"
EndProject
Project("{FAE04EC0-301F-11D3-BF4B-00C04F79EFBC}") = "Rocket.Surgery.Conventions.DryIoc", "src\Conventions.DryIoc\Rocket.Surgery.Conventions.DryIoc.csproj", "{A36E6227-C977-4022-93DE-189438A8E3CD}"
EndProject
Project("{FAE04EC0-301F-11D3-BF4B-00C04F79EFBC}") = "Rocket.Surgery.WebAssembly.Hosting.DryIoc", "src\WebAssembly.Hosting.DryIoc\Rocket.Surgery.WebAssembly.Hosting.DryIoc.csproj", "{983AF4C6-21C2-45B2-8C48-DD47CC1C166B}"
EndProject
Global
	GlobalSection(SolutionConfigurationPlatforms) = preSolution
		Debug|Any CPU = Debug|Any CPU
		Debug|x64 = Debug|x64
		Debug|x86 = Debug|x86
		Release|Any CPU = Release|Any CPU
		Release|x64 = Release|x64
		Release|x86 = Release|x86
	EndGlobalSection
	GlobalSection(ProjectConfigurationPlatforms) = postSolution
		{55EFAE2F-A7CA-4917-A381-4A6EF5E79610}.Debug|Any CPU.ActiveCfg = Debug|Any CPU
		{55EFAE2F-A7CA-4917-A381-4A6EF5E79610}.Debug|x64.ActiveCfg = Debug|Any CPU
		{55EFAE2F-A7CA-4917-A381-4A6EF5E79610}.Debug|x64.Build.0 = Debug|Any CPU
		{55EFAE2F-A7CA-4917-A381-4A6EF5E79610}.Debug|x86.ActiveCfg = Debug|Any CPU
		{55EFAE2F-A7CA-4917-A381-4A6EF5E79610}.Debug|x86.Build.0 = Debug|Any CPU
		{55EFAE2F-A7CA-4917-A381-4A6EF5E79610}.Release|Any CPU.ActiveCfg = Release|Any CPU
		{55EFAE2F-A7CA-4917-A381-4A6EF5E79610}.Release|x64.ActiveCfg = Release|Any CPU
		{55EFAE2F-A7CA-4917-A381-4A6EF5E79610}.Release|x64.Build.0 = Release|Any CPU
		{55EFAE2F-A7CA-4917-A381-4A6EF5E79610}.Release|x86.ActiveCfg = Release|Any CPU
		{55EFAE2F-A7CA-4917-A381-4A6EF5E79610}.Release|x86.Build.0 = Release|Any CPU
		{9C1B873C-FE6E-492D-ACFA-AF752B927D2A}.Debug|Any CPU.ActiveCfg = Debug|Any CPU
		{9C1B873C-FE6E-492D-ACFA-AF752B927D2A}.Debug|Any CPU.Build.0 = Debug|Any CPU
		{9C1B873C-FE6E-492D-ACFA-AF752B927D2A}.Debug|x64.ActiveCfg = Debug|Any CPU
		{9C1B873C-FE6E-492D-ACFA-AF752B927D2A}.Debug|x64.Build.0 = Debug|Any CPU
		{9C1B873C-FE6E-492D-ACFA-AF752B927D2A}.Debug|x86.ActiveCfg = Debug|Any CPU
		{9C1B873C-FE6E-492D-ACFA-AF752B927D2A}.Debug|x86.Build.0 = Debug|Any CPU
		{9C1B873C-FE6E-492D-ACFA-AF752B927D2A}.Release|Any CPU.ActiveCfg = Release|Any CPU
		{9C1B873C-FE6E-492D-ACFA-AF752B927D2A}.Release|Any CPU.Build.0 = Release|Any CPU
		{9C1B873C-FE6E-492D-ACFA-AF752B927D2A}.Release|x64.ActiveCfg = Release|Any CPU
		{9C1B873C-FE6E-492D-ACFA-AF752B927D2A}.Release|x64.Build.0 = Release|Any CPU
		{9C1B873C-FE6E-492D-ACFA-AF752B927D2A}.Release|x86.ActiveCfg = Release|Any CPU
		{9C1B873C-FE6E-492D-ACFA-AF752B927D2A}.Release|x86.Build.0 = Release|Any CPU
		{92563742-792D-4E79-B9F2-7F16BEB63989}.Debug|Any CPU.ActiveCfg = Debug|Any CPU
		{92563742-792D-4E79-B9F2-7F16BEB63989}.Debug|Any CPU.Build.0 = Debug|Any CPU
		{92563742-792D-4E79-B9F2-7F16BEB63989}.Debug|x64.ActiveCfg = Debug|Any CPU
		{92563742-792D-4E79-B9F2-7F16BEB63989}.Debug|x64.Build.0 = Debug|Any CPU
		{92563742-792D-4E79-B9F2-7F16BEB63989}.Debug|x86.ActiveCfg = Debug|Any CPU
		{92563742-792D-4E79-B9F2-7F16BEB63989}.Debug|x86.Build.0 = Debug|Any CPU
		{92563742-792D-4E79-B9F2-7F16BEB63989}.Release|Any CPU.ActiveCfg = Release|Any CPU
		{92563742-792D-4E79-B9F2-7F16BEB63989}.Release|Any CPU.Build.0 = Release|Any CPU
		{92563742-792D-4E79-B9F2-7F16BEB63989}.Release|x64.ActiveCfg = Release|Any CPU
		{92563742-792D-4E79-B9F2-7F16BEB63989}.Release|x64.Build.0 = Release|Any CPU
		{92563742-792D-4E79-B9F2-7F16BEB63989}.Release|x86.ActiveCfg = Release|Any CPU
		{92563742-792D-4E79-B9F2-7F16BEB63989}.Release|x86.Build.0 = Release|Any CPU
		{A36E6227-C977-4022-93DE-189438A8E3CD}.Debug|Any CPU.ActiveCfg = Debug|Any CPU
		{A36E6227-C977-4022-93DE-189438A8E3CD}.Debug|Any CPU.Build.0 = Debug|Any CPU
		{A36E6227-C977-4022-93DE-189438A8E3CD}.Debug|x64.ActiveCfg = Debug|Any CPU
		{A36E6227-C977-4022-93DE-189438A8E3CD}.Debug|x64.Build.0 = Debug|Any CPU
		{A36E6227-C977-4022-93DE-189438A8E3CD}.Debug|x86.ActiveCfg = Debug|Any CPU
		{A36E6227-C977-4022-93DE-189438A8E3CD}.Debug|x86.Build.0 = Debug|Any CPU
		{A36E6227-C977-4022-93DE-189438A8E3CD}.Release|Any CPU.ActiveCfg = Release|Any CPU
		{A36E6227-C977-4022-93DE-189438A8E3CD}.Release|Any CPU.Build.0 = Release|Any CPU
		{A36E6227-C977-4022-93DE-189438A8E3CD}.Release|x64.ActiveCfg = Release|Any CPU
		{A36E6227-C977-4022-93DE-189438A8E3CD}.Release|x64.Build.0 = Release|Any CPU
		{A36E6227-C977-4022-93DE-189438A8E3CD}.Release|x86.ActiveCfg = Release|Any CPU
		{A36E6227-C977-4022-93DE-189438A8E3CD}.Release|x86.Build.0 = Release|Any CPU
		{983AF4C6-21C2-45B2-8C48-DD47CC1C166B}.Debug|Any CPU.ActiveCfg = Debug|Any CPU
		{983AF4C6-21C2-45B2-8C48-DD47CC1C166B}.Debug|Any CPU.Build.0 = Debug|Any CPU
		{983AF4C6-21C2-45B2-8C48-DD47CC1C166B}.Debug|x64.ActiveCfg = Debug|Any CPU
		{983AF4C6-21C2-45B2-8C48-DD47CC1C166B}.Debug|x64.Build.0 = Debug|Any CPU
		{983AF4C6-21C2-45B2-8C48-DD47CC1C166B}.Debug|x86.ActiveCfg = Debug|Any CPU
		{983AF4C6-21C2-45B2-8C48-DD47CC1C166B}.Debug|x86.Build.0 = Debug|Any CPU
		{983AF4C6-21C2-45B2-8C48-DD47CC1C166B}.Release|Any CPU.ActiveCfg = Release|Any CPU
		{983AF4C6-21C2-45B2-8C48-DD47CC1C166B}.Release|Any CPU.Build.0 = Release|Any CPU
		{983AF4C6-21C2-45B2-8C48-DD47CC1C166B}.Release|x64.ActiveCfg = Release|Any CPU
		{983AF4C6-21C2-45B2-8C48-DD47CC1C166B}.Release|x64.Build.0 = Release|Any CPU
		{983AF4C6-21C2-45B2-8C48-DD47CC1C166B}.Release|x86.ActiveCfg = Release|Any CPU
		{983AF4C6-21C2-45B2-8C48-DD47CC1C166B}.Release|x86.Build.0 = Release|Any CPU
	EndGlobalSection
	GlobalSection(SolutionProperties) = preSolution
		HideSolutionNode = FALSE
	EndGlobalSection
	GlobalSection(NestedProjects) = preSolution
		{55EFAE2F-A7CA-4917-A381-4A6EF5E79610} = {E3DCB78E-EE06-4EA3-88AC-762D8910387C}
		{9C1B873C-FE6E-492D-ACFA-AF752B927D2A} = {DF33E0FB-9790-4654-B60F-8AB22E0CC3D1}
		{92563742-792D-4E79-B9F2-7F16BEB63989} = {8FFDF555-DB50-45F9-9A2D-6410F39151C3}
		{A36E6227-C977-4022-93DE-189438A8E3CD} = {8FFDF555-DB50-45F9-9A2D-6410F39151C3}
		{983AF4C6-21C2-45B2-8C48-DD47CC1C166B} = {8FFDF555-DB50-45F9-9A2D-6410F39151C3}
	EndGlobalSection
	GlobalSection(ExtensibilityGlobals) = postSolution
		SolutionGuid = {439897C2-CCBD-44FE-B2DC-A3E4670ADA59}
	EndGlobalSection
EndGlobal
